// !$*UTF8*$!
{
	archiveVersion = 1;
	classes = {
	};
	objectVersion = 50;
	objects = {

/* Begin PBXBuildFile section */
		F306A2EB21B54A4C00069ADD /* AppDelegate.swift in Sources */ = {isa = PBXBuildFile; fileRef = F306A2EA21B54A4C00069ADD /* AppDelegate.swift */; };
		F306A2ED21B54A4C00069ADD /* ViewController.swift in Sources */ = {isa = PBXBuildFile; fileRef = F306A2EC21B54A4C00069ADD /* ViewController.swift */; };
		F306A2F021B54A4C00069ADD /* Main.storyboard in Resources */ = {isa = PBXBuildFile; fileRef = F306A2EE21B54A4C00069ADD /* Main.storyboard */; };
		F306A2F221B54A5200069ADD /* Assets.xcassets in Resources */ = {isa = PBXBuildFile; fileRef = F306A2F121B54A5200069ADD /* Assets.xcassets */; };
		F306A2F521B54A5200069ADD /* LaunchScreen.storyboard in Resources */ = {isa = PBXBuildFile; fileRef = F306A2F321B54A5200069ADD /* LaunchScreen.storyboard */; };
		F306A2FD21B5505D00069ADD /* CategoryTableViewController.swift in Sources */ = {isa = PBXBuildFile; fileRef = F306A2FC21B5505D00069ADD /* CategoryTableViewController.swift */; };
		F306A2FF21B5509300069ADD /* MenuTableViewController.swift in Sources */ = {isa = PBXBuildFile; fileRef = F306A2FE21B5509300069ADD /* MenuTableViewController.swift */; };
		F306A30121B550B100069ADD /* OrderTableViewController.swift in Sources */ = {isa = PBXBuildFile; fileRef = F306A30021B550B100069ADD /* OrderTableViewController.swift */; };
		F306A30321B5547800069ADD /* MenuItemDetailViewController.swift in Sources */ = {isa = PBXBuildFile; fileRef = F306A30221B5547800069ADD /* MenuItemDetailViewController.swift */; };
		F306A30521B5554000069ADD /* MenuItem.swift in Sources */ = {isa = PBXBuildFile; fileRef = F306A30421B5554000069ADD /* MenuItem.swift */; };
		F306A30721B5563F00069ADD /* IntermediaryModels.swift in Sources */ = {isa = PBXBuildFile; fileRef = F306A30621B5563F00069ADD /* IntermediaryModels.swift */; };
		F306A30921B5569100069ADD /* Order.swift in Sources */ = {isa = PBXBuildFile; fileRef = F306A30821B5569100069ADD /* Order.swift */; };
		F306A30B21B5572700069ADD /* MenuController.swift in Sources */ = {isa = PBXBuildFile; fileRef = F306A30A21B5572700069ADD /* MenuController.swift */; };
		F36C58D121B6CA950050DF19 /* placeholder.png in Resources */ = {isa = PBXBuildFile; fileRef = F36C58D021B6CA950050DF19 /* placeholder.png */; };
		F36C58D321B6F7FC0050DF19 /* OrderConfirmationViewController.swift in Sources */ = {isa = PBXBuildFile; fileRef = F36C58D221B6F7FC0050DF19 /* OrderConfirmationViewController.swift */; };
/* End PBXBuildFile section */

/* Begin PBXFileReference section */
		F306A2E721B54A4C00069ADD /* RestaurantApp.app */ = {isa = PBXFileReference; explicitFileType = wrapper.application; includeInIndex = 0; path = RestaurantApp.app; sourceTree = BUILT_PRODUCTS_DIR; };
		F306A2EA21B54A4C00069ADD /* AppDelegate.swift */ = {isa = PBXFileReference; lastKnownFileType = sourcecode.swift; path = AppDelegate.swift; sourceTree = "<group>"; };
		F306A2EC21B54A4C00069ADD /* ViewController.swift */ = {isa = PBXFileReference; lastKnownFileType = sourcecode.swift; path = ViewController.swift; sourceTree = "<group>"; };
		F306A2EF21B54A4C00069ADD /* Base */ = {isa = PBXFileReference; lastKnownFileType = file.storyboard; name = Base; path = Base.lproj/Main.storyboard; sourceTree = "<group>"; };
		F306A2F121B54A5200069ADD /* Assets.xcassets */ = {isa = PBXFileReference; lastKnownFileType = folder.assetcatalog; path = Assets.xcassets; sourceTree = "<group>"; };
		F306A2F421B54A5200069ADD /* Base */ = {isa = PBXFileReference; lastKnownFileType = file.storyboard; name = Base; path = Base.lproj/LaunchScreen.storyboard; sourceTree = "<group>"; };
		F306A2F621B54A5200069ADD /* Info.plist */ = {isa = PBXFileReference; lastKnownFileType = text.plist.xml; path = Info.plist; sourceTree = "<group>"; };
		F306A2FC21B5505D00069ADD /* CategoryTableViewController.swift */ = {isa = PBXFileReference; lastKnownFileType = sourcecode.swift; path = CategoryTableViewController.swift; sourceTree = "<group>"; };
		F306A2FE21B5509300069ADD /* MenuTableViewController.swift */ = {isa = PBXFileReference; lastKnownFileType = sourcecode.swift; path = MenuTableViewController.swift; sourceTree = "<group>"; };
		F306A30021B550B100069ADD /* OrderTableViewController.swift */ = {isa = PBXFileReference; lastKnownFileType = sourcecode.swift; path = OrderTableViewController.swift; sourceTree = "<group>"; };
		F306A30221B5547800069ADD /* MenuItemDetailViewController.swift */ = {isa = PBXFileReference; lastKnownFileType = sourcecode.swift; path = MenuItemDetailViewController.swift; sourceTree = "<group>"; };
		F306A30421B5554000069ADD /* MenuItem.swift */ = {isa = PBXFileReference; lastKnownFileType = sourcecode.swift; path = MenuItem.swift; sourceTree = "<group>"; };
		F306A30621B5563F00069ADD /* IntermediaryModels.swift */ = {isa = PBXFileReference; lastKnownFileType = sourcecode.swift; path = IntermediaryModels.swift; sourceTree = "<group>"; };
		F306A30821B5569100069ADD /* Order.swift */ = {isa = PBXFileReference; lastKnownFileType = sourcecode.swift; path = Order.swift; sourceTree = "<group>"; };
		F306A30A21B5572700069ADD /* MenuController.swift */ = {isa = PBXFileReference; lastKnownFileType = sourcecode.swift; path = MenuController.swift; sourceTree = "<group>"; };
		F36C58D021B6CA950050DF19 /* placeholder.png */ = {isa = PBXFileReference; lastKnownFileType = image.png; name = placeholder.png; path = ../../placeholder.png; sourceTree = "<group>"; };
		F36C58D221B6F7FC0050DF19 /* OrderConfirmationViewController.swift */ = {isa = PBXFileReference; lastKnownFileType = sourcecode.swift; path = OrderConfirmationViewController.swift; sourceTree = "<group>"; };
/* End PBXFileReference section */

/* Begin PBXFrameworksBuildPhase section */
		F306A2E421B54A4C00069ADD /* Frameworks */ = {
			isa = PBXFrameworksBuildPhase;
			buildActionMask = 2147483647;
			files = (
			);
			runOnlyForDeploymentPostprocessing = 0;
		};
/* End PBXFrameworksBuildPhase section */

/* Begin PBXGroup section */
		F306A2DE21B54A4C00069ADD = {
			isa = PBXGroup;
			children = (
				F306A2E921B54A4C00069ADD /* RestaurantApp */,
				F306A2E821B54A4C00069ADD /* Products */,
			);
			sourceTree = "<group>";
		};
		F306A2E821B54A4C00069ADD /* Products */ = {
			isa = PBXGroup;
			children = (
				F306A2E721B54A4C00069ADD /* RestaurantApp.app */,
			);
			name = Products;
			sourceTree = "<group>";
		};
		F306A2E921B54A4C00069ADD /* RestaurantApp */ = {
			isa = PBXGroup;
			children = (
				F306A2EA21B54A4C00069ADD /* AppDelegate.swift */,
				F306A2EC21B54A4C00069ADD /* ViewController.swift */,
				F306A2FC21B5505D00069ADD /* CategoryTableViewController.swift */,
				F306A2FE21B5509300069ADD /* MenuTableViewController.swift */,
				F306A30021B550B100069ADD /* OrderTableViewController.swift */,
				F306A30221B5547800069ADD /* MenuItemDetailViewController.swift */,
				F36C58D221B6F7FC0050DF19 /* OrderConfirmationViewController.swift */,
				F306A30421B5554000069ADD /* MenuItem.swift */,
				F306A30621B5563F00069ADD /* IntermediaryModels.swift */,
				F306A30821B5569100069ADD /* Order.swift */,
				F306A30A21B5572700069ADD /* MenuController.swift */,
				F306A2EE21B54A4C00069ADD /* Main.storyboard */,
				F306A2F121B54A5200069ADD /* Assets.xcassets */,
				F306A2F321B54A5200069ADD /* LaunchScreen.storyboard */,
				F306A2F621B54A5200069ADD /* Info.plist */,
				F36C58D021B6CA950050DF19 /* placeholder.png */,
			);
			path = RestaurantApp;
			sourceTree = "<group>";
		};
/* End PBXGroup section */

/* Begin PBXNativeTarget section */
		F306A2E621B54A4C00069ADD /* RestaurantApp */ = {
			isa = PBXNativeTarget;
			buildConfigurationList = F306A2F921B54A5200069ADD /* Build configuration list for PBXNativeTarget "RestaurantApp" */;
			buildPhases = (
				F306A2E321B54A4C00069ADD /* Sources */,
				F306A2E421B54A4C00069ADD /* Frameworks */,
				F306A2E521B54A4C00069ADD /* Resources */,
			);
			buildRules = (
			);
			dependencies = (
			);
			name = RestaurantApp;
			productName = RestaurantApp;
			productReference = F306A2E721B54A4C00069ADD /* RestaurantApp.app */;
			productType = "com.apple.product-type.application";
		};
/* End PBXNativeTarget section */

/* Begin PBXProject section */
		F306A2DF21B54A4C00069ADD /* Project object */ = {
			isa = PBXProject;
			attributes = {
				LastSwiftUpdateCheck = 1000;
				LastUpgradeCheck = 1000;
				ORGANIZATIONNAME = "Brian van de Velde";
				TargetAttributes = {
					F306A2E621B54A4C00069ADD = {
						CreatedOnToolsVersion = 10.0;
					};
				};
			};
			buildConfigurationList = F306A2E221B54A4C00069ADD /* Build configuration list for PBXProject "RestaurantApp" */;
			compatibilityVersion = "Xcode 9.3";
			developmentRegion = en;
			hasScannedForEncodings = 0;
			knownRegions = (
				en,
				Base,
			);
			mainGroup = F306A2DE21B54A4C00069ADD;
			productRefGroup = F306A2E821B54A4C00069ADD /* Products */;
			projectDirPath = "";
			projectRoot = "";
			targets = (
				F306A2E621B54A4C00069ADD /* RestaurantApp */,
			);
		};
/* End PBXProject section */

/* Begin PBXResourcesBuildPhase section */
		F306A2E521B54A4C00069ADD /* Resources */ = {
			isa = PBXResourcesBuildPhase;
			buildActionMask = 2147483647;
			files = (
				F306A2F521B54A5200069ADD /* LaunchScreen.storyboard in Resources */,
				F36C58D121B6CA950050DF19 /* placeholder.png in Resources */,
				F306A2F221B54A5200069ADD /* Assets.xcassets in Resources */,
				F306A2F021B54A4C00069ADD /* Main.storyboard in Resources */,
			);
			runOnlyForDeploymentPostprocessing = 0;
		};
/* End PBXResourcesBuildPhase section */

/* Begin PBXSourcesBuildPhase section */
		F306A2E321B54A4C00069ADD /* Sources */ = {
			isa = PBXSourcesBuildPhase;
			buildActionMask = 2147483647;
			files = (
				F306A30B21B5572700069ADD /* MenuController.swift in Sources */,
				F306A30521B5554000069ADD /* MenuItem.swift in Sources */,
				F306A2FF21B5509300069ADD /* MenuTableViewController.swift in Sources */,
				F306A30321B5547800069ADD /* MenuItemDetailViewController.swift in Sources */,
				F306A30921B5569100069ADD /* Order.swift in Sources */,
				F306A30121B550B100069ADD /* OrderTableViewController.swift in Sources */,
				F306A30721B5563F00069ADD /* IntermediaryModels.swift in Sources */,
				F306A2ED21B54A4C00069ADD /* ViewController.swift in Sources */,
				F306A2EB21B54A4C00069ADD /* AppDelegate.swift in Sources */,
				F36C58D321B6F7FC0050DF19 /* OrderConfirmationViewController.swift in Sources */,
				F306A2FD21B5505D00069ADD /* CategoryTableViewController.swift in Sources */,
			);
			runOnlyForDeploymentPostprocessing = 0;
		};
/* End PBXSourcesBuildPhase section */

/* Begin PBXVariantGroup section */
		F306A2EE21B54A4C00069ADD /* Main.storyboard */ = {
			isa = PBXVariantGroup;
			children = (
				F306A2EF21B54A4C00069ADD /* Base */,
			);
			name = Main.storyboard;
			sourceTree = "<group>";
		};
		F306A2F321B54A5200069ADD /* LaunchScreen.storyboard */ = {
			isa = PBXVariantGroup;
			children = (
				F306A2F421B54A5200069ADD /* Base */,
			);
			name = LaunchScreen.storyboard;
			sourceTree = "<group>";
		};
/* End PBXVariantGroup section */

/* Begin XCBuildConfiguration section */
		F306A2F721B54A5200069ADD /* Debug */ = {
			isa = XCBuildConfiguration;
			buildSettings = {
				ALWAYS_SEARCH_USER_PATHS = NO;
				CLANG_ANALYZER_NONNULL = YES;
				CLANG_ANALYZER_NUMBER_OBJECT_CONVERSION = YES_AGGRESSIVE;
				CLANG_CXX_LANGUAGE_STANDARD = "gnu++14";
				CLANG_CXX_LIBRARY = "libc++";
				CLANG_ENABLE_MODULES = YES;
				CLANG_ENABLE_OBJC_ARC = YES;
				CLANG_ENABLE_OBJC_WEAK = YES;
				CLANG_WARN_BLOCK_CAPTURE_AUTORELEASING = YES;
				CLANG_WARN_BOOL_CONVERSION = YES;
				CLANG_WARN_COMMA = YES;
				CLANG_WARN_CONSTANT_CONVERSION = YES;
				CLANG_WARN_DEPRECATED_OBJC_IMPLEMENTATIONS = YES;
				CLANG_WARN_DIRECT_OBJC_ISA_USAGE = YES_ERROR;
				CLANG_WARN_DOCUMENTATION_COMMENTS = YES;
				CLANG_WARN_EMPTY_BODY = YES;
				CLANG_WARN_ENUM_CONVERSION = YES;
				CLANG_WARN_INFINITE_RECURSION = YES;
				CLANG_WARN_INT_CONVERSION = YES;
				CLANG_WARN_NON_LITERAL_NULL_CONVERSION = YES;
				CLANG_WARN_OBJC_IMPLICIT_RETAIN_SELF = YES;
				CLANG_WARN_OBJC_LITERAL_CONVERSION = YES;
				CLANG_WARN_OBJC_ROOT_CLASS = YES_ERROR;
				CLANG_WARN_RANGE_LOOP_ANALYSIS = YES;
				CLANG_WARN_STRICT_PROTOTYPES = YES;
				CLANG_WARN_SUSPICIOUS_MOVE = YES;
				CLANG_WARN_UNGUARDED_AVAILABILITY = YES_AGGRESSIVE;
				CLANG_WARN_UNREACHABLE_CODE = YES;
				CLANG_WARN__DUPLICATE_METHOD_MATCH = YES;
				CODE_SIGN_IDENTITY = "iPhone Developer";
				COPY_PHASE_STRIP = NO;
				DEBUG_INFORMATION_FORMAT = dwarf;
				ENABLE_STRICT_OBJC_MSGSEND = YES;
				ENABLE_TESTABILITY = YES;
				GCC_C_LANGUAGE_STANDARD = gnu11;
				GCC_DYNAMIC_NO_PIC = NO;
				GCC_NO_COMMON_BLOCKS = YES;
				GCC_OPTIMIZATION_LEVEL = 0;
				GCC_PREPROCESSOR_DEFINITIONS = (
					"DEBUG=1",
					"$(inherited)",
				);
				GCC_WARN_64_TO_32_BIT_CONVERSION = YES;
				GCC_WARN_ABOUT_RETURN_TYPE = YES_ERROR;
				GCC_WARN_UNDECLARED_SELECTOR = YES;
				GCC_WARN_UNINITIALIZED_AUTOS = YES_AGGRESSIVE;
				GCC_WARN_UNUSED_FUNCTION = YES;
				GCC_WARN_UNUSED_VARIABLE = YES;
				IPHONEOS_DEPLOYMENT_TARGET = 12.0;
				MTL_ENABLE_DEBUG_INFO = INCLUDE_SOURCE;
				MTL_FAST_MATH = YES;
				ONLY_ACTIVE_ARCH = YES;
				SDKROOT = iphoneos;
				SWIFT_ACTIVE_COMPILATION_CONDITIONS = DEBUG;
				SWIFT_OPTIMIZATION_LEVEL = "-Onone";
			};
			name = Debug;
		};
		F306A2F821B54A5200069ADD /* Release */ = {
			isa = XCBuildConfiguration;
			buildSettings = {
				ALWAYS_SEARCH_USER_PATHS = NO;
				CLANG_ANALYZER_NONNULL = YES;
				CLANG_ANALYZER_NUMBER_OBJECT_CONVERSION = YES_AGGRESSIVE;
				CLANG_CXX_LANGUAGE_STANDARD = "gnu++14";
				CLANG_CXX_LIBRARY = "libc++";
				CLANG_ENABLE_MODULES = YES;
				CLANG_ENABLE_OBJC_ARC = YES;
				CLANG_ENABLE_OBJC_WEAK = YES;
				CLANG_WARN_BLOCK_CAPTURE_AUTORELEASING = YES;
				CLANG_WARN_BOOL_CONVERSION = YES;
				CLANG_WARN_COMMA = YES;
				CLANG_WARN_CONSTANT_CONVERSION = YES;
				CLANG_WARN_DEPRECATED_OBJC_IMPLEMENTATIONS = YES;
				CLANG_WARN_DIRECT_OBJC_ISA_USAGE = YES_ERROR;
				CLANG_WARN_DOCUMENTATION_COMMENTS = YES;
				CLANG_WARN_EMPTY_BODY = YES;
				CLANG_WARN_ENUM_CONVERSION = YES;
				CLANG_WARN_INFINITE_RECURSION = YES;
				CLANG_WARN_INT_CONVERSION = YES;
				CLANG_WARN_NON_LITERAL_NULL_CONVERSION = YES;
				CLANG_WARN_OBJC_IMPLICIT_RETAIN_SELF = YES;
				CLANG_WARN_OBJC_LITERAL_CONVERSION = YES;
				CLANG_WARN_OBJC_ROOT_CLASS = YES_ERROR;
				CLANG_WARN_RANGE_LOOP_ANALYSIS = YES;
				CLANG_WARN_STRICT_PROTOTYPES = YES;
				CLANG_WARN_SUSPICIOUS_MOVE = YES;
				CLANG_WARN_UNGUARDED_AVAILABILITY = YES_AGGRESSIVE;
				CLANG_WARN_UNREACHABLE_CODE = YES;
				CLANG_WARN__DUPLICATE_METHOD_MATCH = YES;
				CODE_SIGN_IDENTITY = "iPhone Developer";
				COPY_PHASE_STRIP = NO;
				DEBUG_INFORMATION_FORMAT = "dwarf-with-dsym";
				ENABLE_NS_ASSERTIONS = NO;
				ENABLE_STRICT_OBJC_MSGSEND = YES;
				GCC_C_LANGUAGE_STANDARD = gnu11;
				GCC_NO_COMMON_BLOCKS = YES;
				GCC_WARN_64_TO_32_BIT_CONVERSION = YES;
				GCC_WARN_ABOUT_RETURN_TYPE = YES_ERROR;
				GCC_WARN_UNDECLARED_SELECTOR = YES;
				GCC_WARN_UNINITIALIZED_AUTOS = YES_AGGRESSIVE;
				GCC_WARN_UNUSED_FUNCTION = YES;
				GCC_WARN_UNUSED_VARIABLE = YES;
				IPHONEOS_DEPLOYMENT_TARGET = 12.0;
				MTL_ENABLE_DEBUG_INFO = NO;
				MTL_FAST_MATH = YES;
				SDKROOT = iphoneos;
				SWIFT_COMPILATION_MODE = wholemodule;
				SWIFT_OPTIMIZATION_LEVEL = "-O";
				VALIDATE_PRODUCT = YES;
			};
			name = Release;
		};
		F306A2FA21B54A5200069ADD /* Debug */ = {
			isa = XCBuildConfiguration;
			buildSettings = {
				ASSETCATALOG_COMPILER_APPICON_NAME = AppIcon;
				CODE_SIGN_STYLE = Automatic;
				INFOPLIST_FILE = RestaurantApp/Info.plist;
				LD_RUNPATH_SEARCH_PATHS = (
					"$(inherited)",
					"@executable_path/Frameworks",
				);
				PRODUCT_BUNDLE_IDENTIFIER = com.example.RestaurantApp;
				PRODUCT_NAME = "$(TARGET_NAME)";
				SWIFT_VERSION = 4.2;
				TARGETED_DEVICE_FAMILY = "1,2";
			};
			name = Debug;
		};
		F306A2FB21B54A5200069ADD /* Release */ = {
			isa = XCBuildConfiguration;
			buildSettings = {
				ASSETCATALOG_COMPILER_APPICON_NAME = AppIcon;
				CODE_SIGN_STYLE = Automatic;
				INFOPLIST_FILE = RestaurantApp/Info.plist;
				LD_RUNPATH_SEARCH_PATHS = (
					"$(inherited)",
					"@executable_path/Frameworks",
				);
				PRODUCT_BUNDLE_IDENTIFIER = com.example.RestaurantApp;
				PRODUCT_NAME = "$(TARGET_NAME)";
				SWIFT_VERSION = 4.2;
				TARGETED_DEVICE_FAMILY = "1,2";
			};
			name = Release;
		};
/* End XCBuildConfiguration section */

/* Begin XCConfigurationList section */
		F306A2E221B54A4C00069ADD /* Build configuration list for PBXProject "RestaurantApp" */ = {
			isa = XCConfigurationList;
			buildConfigurations = (
				F306A2F721B54A5200069ADD /* Debug */,
				F306A2F821B54A5200069ADD /* Release */,
			);
			defaultConfigurationIsVisible = 0;
			defaultConfigurationName = Release;
		};
		F306A2F921B54A5200069ADD /* Build configuration list for PBXNativeTarget "RestaurantApp" */ = {
			isa = XCConfigurationList;
			buildConfigurations = (
				F306A2FA21B54A5200069ADD /* Debug */,
				F306A2FB21B54A5200069ADD /* Release */,
			);
			defaultConfigurationIsVisible = 0;
			defaultConfigurationName = Release;
		};
/* End XCConfigurationList section */
	};
	rootObject = F306A2DF21B54A4C00069ADD /* Project object */;
}
